
Microsoft Visual Studio Solution File, Format Version 12.00
# Visual Studio Version 16
VisualStudioVersion = 16.0.31727.386
MinimumVisualStudioVersion = 10.0.40219.1
Project("{9A19103F-16F7-4668-BE54-9A1E7A4F7556}") = "FileExchangeRestServer", "FileExchangeRestServer\FileExchangeRestServer.csproj", "{45EC1041-326D-4DD5-B3B7-86E5731C38B8}"
EndProject
Project("{9A19103F-16F7-4668-BE54-9A1E7A4F7556}") = "FileExchangeSharedClasses", "FileExchangeSharedClasses\FileExchangeSharedClasses.csproj", "{997742D7-D324-4DA0-8C14-09CA3EC41AF2}"
EndProject
Project("{FAE04EC0-301F-11D3-BF4B-00C04F79EFBC}") = "FileExchangePeer", "FileExchangePeer\FileExchangePeer.csproj", "{9FE2CA97-6982-4EA5-89D0-FD5DA3276F97}"
EndProject
Global
	GlobalSection(SolutionConfigurationPlatforms) = preSolution
		Debug|Any CPU = Debug|Any CPU
		Release|Any CPU = Release|Any CPU
	EndGlobalSection
	GlobalSection(ProjectConfigurationPlatforms) = postSolution
		{45EC1041-326D-4DD5-B3B7-86E5731C38B8}.Debug|Any CPU.ActiveCfg = Debug|Any CPU
		{45EC1041-326D-4DD5-B3B7-86E5731C38B8}.Debug|Any CPU.Build.0 = Debug|Any CPU
		{45EC1041-326D-4DD5-B3B7-86E5731C38B8}.Release|Any CPU.ActiveCfg = Release|Any CPU
		{45EC1041-326D-4DD5-B3B7-86E5731C38B8}.Release|Any CPU.Build.0 = Release|Any CPU
		{997742D7-D324-4DA0-8C14-09CA3EC41AF2}.Debug|Any CPU.ActiveCfg = Debug|Any CPU
		{997742D7-D324-4DA0-8C14-09CA3EC41AF2}.Debug|Any CPU.Build.0 = Debug|Any CPU
		{997742D7-D324-4DA0-8C14-09CA3EC41AF2}.Release|Any CPU.ActiveCfg = Release|Any CPU
		{997742D7-D324-4DA0-8C14-09CA3EC41AF2}.Release|Any CPU.Build.0 = Release|Any CPU
		{9FE2CA97-6982-4EA5-89D0-FD5DA3276F97}.Debug|Any CPU.ActiveCfg = Debug|Any CPU
		{9FE2CA97-6982-4EA5-89D0-FD5DA3276F97}.Debug|Any CPU.Build.0 = Debug|Any CPU
		{9FE2CA97-6982-4EA5-89D0-FD5DA3276F97}.Release|Any CPU.ActiveCfg = Release|Any CPU
		{9FE2CA97-6982-4EA5-89D0-FD5DA3276F97}.Release|Any CPU.Build.0 = Release|Any CPU
	EndGlobalSection
	GlobalSection(SolutionProperties) = preSolution
		HideSolutionNode = FALSE
	EndGlobalSection
	GlobalSection(ExtensibilityGlobals) = postSolution
		SolutionGuid = {25D38B4C-98C0-4CFE-A14F-73C17F0E7E24}
	EndGlobalSection
EndGlobal
